
Microsoft Visual Studio Solution File, Format Version 12.00
# Visual Studio Version 17
VisualStudioVersion = 17.4.33110.190
MinimumVisualStudioVersion = 10.0.40219.1
Project("{FAE04EC0-301F-11D3-BF4B-00C04F79EFBC}") = "Memento", "ConsoleApp9\Memento.csproj", "{735E20FE-84D4-4ACC-9178-9619A47019BE}"
EndProject
Project("{FAE04EC0-301F-11D3-BF4B-00C04F79EFBC}") = "Observe", "Observe\Observe.csproj", "{2E416130-BD92-4CE9-BFCE-5E6828629BD4}"
EndProject
Project("{FAE04EC0-301F-11D3-BF4B-00C04F79EFBC}") = "State", "State\State.csproj", "{443F88A4-5A76-4463-80CE-4D19B4399E19}"
EndProject
Global
	GlobalSection(SolutionConfigurationPlatforms) = preSolution
		Debug|Any CPU = Debug|Any CPU
		Release|Any CPU = Release|Any CPU
	EndGlobalSection
	GlobalSection(ProjectConfigurationPlatforms) = postSolution
		{735E20FE-84D4-4ACC-9178-9619A47019BE}.Debug|Any CPU.ActiveCfg = Debug|Any CPU
		{735E20FE-84D4-4ACC-9178-9619A47019BE}.Debug|Any CPU.Build.0 = Debug|Any CPU
		{735E20FE-84D4-4ACC-9178-9619A47019BE}.Release|Any CPU.ActiveCfg = Release|Any CPU
		{735E20FE-84D4-4ACC-9178-9619A47019BE}.Release|Any CPU.Build.0 = Release|Any CPU
		{2E416130-BD92-4CE9-BFCE-5E6828629BD4}.Debug|Any CPU.ActiveCfg = Debug|Any CPU
		{2E416130-BD92-4CE9-BFCE-5E6828629BD4}.Debug|Any CPU.Build.0 = Debug|Any CPU
		{2E416130-BD92-4CE9-BFCE-5E6828629BD4}.Release|Any CPU.ActiveCfg = Release|Any CPU
		{2E416130-BD92-4CE9-BFCE-5E6828629BD4}.Release|Any CPU.Build.0 = Release|Any CPU
		{443F88A4-5A76-4463-80CE-4D19B4399E19}.Debug|Any CPU.ActiveCfg = Debug|Any CPU
		{443F88A4-5A76-4463-80CE-4D19B4399E19}.Debug|Any CPU.Build.0 = Debug|Any CPU
		{443F88A4-5A76-4463-80CE-4D19B4399E19}.Release|Any CPU.ActiveCfg = Release|Any CPU
		{443F88A4-5A76-4463-80CE-4D19B4399E19}.Release|Any CPU.Build.0 = Release|Any CPU
	EndGlobalSection
	GlobalSection(SolutionProperties) = preSolution
		HideSolutionNode = FALSE
	EndGlobalSection
	GlobalSection(ExtensibilityGlobals) = postSolution
		SolutionGuid = {166198DC-493B-4893-B11D-4E6943AA875E}
	EndGlobalSection
EndGlobal
